Microsoft Visual Studio Solution File, Format Version 8.00
Project("{8BC9CEB8-8B4A-11D0-8D11-00A0C91BC942}") = "LevelSet", "LevelSet.vcproj", "{5C503EC0-91FD-4654-8603-B34D2D4D0404}"
	ProjectSection(ProjectDependencies) = postProject
	EndProjectSection
EndProject
Global
	GlobalSection(SolutionConfiguration) = preSolution
		Debug = Debug
		Release = Release
	EndGlobalSection
	GlobalSection(ProjectConfiguration) = postSolution
		{5C503EC0-91FD-4654-8603-B34D2D4D0404}.Debug.ActiveCfg = Debug|Win32
		{5C503EC0-91FD-4654-8603-B34D2D4D0404}.Debug.Build.0 = Debug|Win32
		{5C503EC0-91FD-4654-8603-B34D2D4D0404}.Release.ActiveCfg = Release|Win32
		{5C503EC0-91FD-4654-8603-B34D2D4D0404}.Release.Build.0 = Release|Win32
	EndGlobalSection
	GlobalSection(ExtensibilityGlobals) = postSolution
	EndGlobalSection
	GlobalSection(ExtensibilityAddIns) = postSolution
	EndGlobalSection
EndGlobal
