
Microsoft Visual Studio Solution File, Format Version 9.00
# Visual Studio 2005
Project("{8BC9CEB8-8B4A-11D0-8D11-00A0C91BC942}") = "LevelSet", "LevelSet_vc2005.vcproj", "{5C503EC0-91FD-4654-8603-B34D2D4D0404}"
EndProject
Global
	GlobalSection(SolutionConfigurationPlatforms) = preSolution
		Debug|Win32 = Debug|Win32
		Release|Win32 = Release|Win32
	EndGlobalSection
	GlobalSection(ProjectConfigurationPlatforms) = postSolution
		{5C503EC0-91FD-4654-8603-B34D2D4D0404}.Debug|Win32.ActiveCfg = Debug|Win32
		{5C503EC0-91FD-4654-8603-B34D2D4D0404}.Debug|Win32.Build.0 = Debug|Win32
		{5C503EC0-91FD-4654-8603-B34D2D4D0404}.Release|Win32.ActiveCfg = Release|Win32
		{5C503EC0-91FD-4654-8603-B34D2D4D0404}.Release|Win32.Build.0 = Release|Win32
	EndGlobalSection
	GlobalSection(SolutionProperties) = preSolution
		HideSolutionNode = FALSE
	EndGlobalSection
EndGlobal
